
Microsoft Visual Studio Solution File, Format Version 12.00
# Visual Studio Version 16
VisualStudioVersion = 16.0.30320.27
MinimumVisualStudioVersion = 10.0.40219.1
Project("{FAE04EC0-301F-11D3-BF4B-00C04F79EFBC}") = "TodoWebAPI", "TodoWebAPI\TodoWebAPI.csproj", "{A3E65E86-E06C-4EB6-8814-09889B43D766}"
EndProject
Global
	GlobalSection(SolutionConfigurationPlatforms) = preSolution
		Debug|Any CPU = Debug|Any CPU
		Release|Any CPU = Release|Any CPU
	EndGlobalSection
	GlobalSection(ProjectConfigurationPlatforms) = postSolution
		{A3E65E86-E06C-4EB6-8814-09889B43D766}.Debug|Any CPU.ActiveCfg = Debug|Any CPU
		{A3E65E86-E06C-4EB6-8814-09889B43D766}.Debug|Any CPU.Build.0 = Debug|Any CPU
		{A3E65E86-E06C-4EB6-8814-09889B43D766}.Release|Any CPU.ActiveCfg = Release|Any CPU
		{A3E65E86-E06C-4EB6-8814-09889B43D766}.Release|Any CPU.Build.0 = Release|Any CPU
	EndGlobalSection
	GlobalSection(SolutionProperties) = preSolution
		HideSolutionNode = FALSE
	EndGlobalSection
	GlobalSection(ExtensibilityGlobals) = postSolution
		SolutionGuid = {64151DA8-A178-46C2-9D61-AC671744EC05}
	EndGlobalSection
EndGlobal
